
Microsoft Visual Studio Solution File, Format Version 12.00
# Visual Studio Version 17
VisualStudioVersion = 17.2.32526.322
MinimumVisualStudioVersion = 10.0.40219.1
Project("{9A19103F-16F7-4668-BE54-9A1E7A4F7556}") = "WorkScheduler.API", "WorkScheduler.API\WorkScheduler.API.csproj", "{A0AF8885-FEDB-4FD1-91FF-54EC4AB847CD}"
EndProject
Project("{9A19103F-16F7-4668-BE54-9A1E7A4F7556}") = "WorkScheduler.DAL", "WorkScheduler.DAL\WorkScheduler.DAL.csproj", "{D55DC5BB-6E0D-4361-8F07-535C6774A40D}"
EndProject
Project("{FAE04EC0-301F-11D3-BF4B-00C04F79EFBC}") = "WorkScheduler.BLL", "WorkScheduler.BLL\WorkScheduler.BLL.csproj", "{242AD0E9-2A46-434A-88FA-711A0F9ACE57}"
EndProject
Project("{FAE04EC0-301F-11D3-BF4B-00C04F79EFBC}") = "WorkScheduler.Shared", "WorkScheduler.Shared\WorkScheduler.Shared.csproj", "{4D85A9D6-DE82-4EED-900A-A7E8BB6C848E}"
EndProject
Global
	GlobalSection(SolutionConfigurationPlatforms) = preSolution
		Debug|Any CPU = Debug|Any CPU
		Release|Any CPU = Release|Any CPU
	EndGlobalSection
	GlobalSection(ProjectConfigurationPlatforms) = postSolution
		{A0AF8885-FEDB-4FD1-91FF-54EC4AB847CD}.Debug|Any CPU.ActiveCfg = Debug|Any CPU
		{A0AF8885-FEDB-4FD1-91FF-54EC4AB847CD}.Debug|Any CPU.Build.0 = Debug|Any CPU
		{A0AF8885-FEDB-4FD1-91FF-54EC4AB847CD}.Release|Any CPU.ActiveCfg = Release|Any CPU
		{A0AF8885-FEDB-4FD1-91FF-54EC4AB847CD}.Release|Any CPU.Build.0 = Release|Any CPU
		{D55DC5BB-6E0D-4361-8F07-535C6774A40D}.Debug|Any CPU.ActiveCfg = Debug|Any CPU
		{D55DC5BB-6E0D-4361-8F07-535C6774A40D}.Debug|Any CPU.Build.0 = Debug|Any CPU
		{D55DC5BB-6E0D-4361-8F07-535C6774A40D}.Release|Any CPU.ActiveCfg = Release|Any CPU
		{D55DC5BB-6E0D-4361-8F07-535C6774A40D}.Release|Any CPU.Build.0 = Release|Any CPU
		{242AD0E9-2A46-434A-88FA-711A0F9ACE57}.Debug|Any CPU.ActiveCfg = Debug|Any CPU
		{242AD0E9-2A46-434A-88FA-711A0F9ACE57}.Debug|Any CPU.Build.0 = Debug|Any CPU
		{242AD0E9-2A46-434A-88FA-711A0F9ACE57}.Release|Any CPU.ActiveCfg = Release|Any CPU
		{242AD0E9-2A46-434A-88FA-711A0F9ACE57}.Release|Any CPU.Build.0 = Release|Any CPU
		{4D85A9D6-DE82-4EED-900A-A7E8BB6C848E}.Debug|Any CPU.ActiveCfg = Debug|Any CPU
		{4D85A9D6-DE82-4EED-900A-A7E8BB6C848E}.Debug|Any CPU.Build.0 = Debug|Any CPU
		{4D85A9D6-DE82-4EED-900A-A7E8BB6C848E}.Release|Any CPU.ActiveCfg = Release|Any CPU
		{4D85A9D6-DE82-4EED-900A-A7E8BB6C848E}.Release|Any CPU.Build.0 = Release|Any CPU
	EndGlobalSection
	GlobalSection(SolutionProperties) = preSolution
		HideSolutionNode = FALSE
	EndGlobalSection
	GlobalSection(ExtensibilityGlobals) = postSolution
		SolutionGuid = {CA285228-4969-4876-87DF-B256B9A82C25}
	EndGlobalSection
EndGlobal
